
Microsoft Visual Studio Solution File, Format Version 12.00
# Visual Studio Version 17
VisualStudioVersion = 17.5.33414.496
MinimumVisualStudioVersion = 10.0.40219.1
Project("{FAE04EC0-301F-11D3-BF4B-00C04F79EFBC}") = "PlayerAlias", "VintageStoryCodeMod1\PlayerAlias.csproj", "{5B9B3C0F-F6AB-43D4-BD5C-01CBC4EEF122}"
EndProject
Global
	GlobalSection(SolutionConfigurationPlatforms) = preSolution
		Debug|Any CPU = Debug|Any CPU
		DebugB|Any CPU = DebugB|Any CPU
		DebugServer|Any CPU = DebugServer|Any CPU
		Release|Any CPU = Release|Any CPU
	EndGlobalSection
	GlobalSection(ProjectConfigurationPlatforms) = postSolution
		{5B9B3C0F-F6AB-43D4-BD5C-01CBC4EEF122}.Debug|Any CPU.ActiveCfg = Debug|Any CPU
		{5B9B3C0F-F6AB-43D4-BD5C-01CBC4EEF122}.Debug|Any CPU.Build.0 = Debug|Any CPU
		{5B9B3C0F-F6AB-43D4-BD5C-01CBC4EEF122}.DebugB|Any CPU.ActiveCfg = DebugB|Any CPU
		{5B9B3C0F-F6AB-43D4-BD5C-01CBC4EEF122}.DebugB|Any CPU.Build.0 = DebugB|Any CPU
		{5B9B3C0F-F6AB-43D4-BD5C-01CBC4EEF122}.DebugServer|Any CPU.ActiveCfg = DebugServer|Any CPU
		{5B9B3C0F-F6AB-43D4-BD5C-01CBC4EEF122}.DebugServer|Any CPU.Build.0 = DebugServer|Any CPU
		{5B9B3C0F-F6AB-43D4-BD5C-01CBC4EEF122}.Release|Any CPU.ActiveCfg = Release|Any CPU
		{5B9B3C0F-F6AB-43D4-BD5C-01CBC4EEF122}.Release|Any CPU.Build.0 = Release|Any CPU
	EndGlobalSection
	GlobalSection(SolutionProperties) = preSolution
		HideSolutionNode = FALSE
	EndGlobalSection
	GlobalSection(ExtensibilityGlobals) = postSolution
		SolutionGuid = {29AA7E9D-B19C-4B97-95B8-C629728C209E}
	EndGlobalSection
EndGlobal
